
Microsoft Visual Studio Solution File, Format Version 12.00
# Visual Studio Version 17
VisualStudioVersion = 17.14.36705.20
MinimumVisualStudioVersion = 10.0.40219.1
Project("{FAE04EC0-301F-11D3-BF4B-00C04F79EFBC}") = "ServiceManagementApi", "ServiceManagementApi\ServiceManagementApi.csproj", "{89A071DE-25C3-4818-8CF7-A27E8D3734A8}"
EndProject
Project("{FAE04EC0-301F-11D3-BF4B-00C04F79EFBC}") = "ServiceManagementApi.Tests", "ServiceManagementApi.Tests\ServiceManagementApi.Tests.csproj", "{49FAA2B4-6B46-CCB6-E9A7-9C2B1151F2F8}"
EndProject
Global
	GlobalSection(SolutionConfigurationPlatforms) = preSolution
		Debug|Any CPU = Debug|Any CPU
		Release|Any CPU = Release|Any CPU
	EndGlobalSection
	GlobalSection(ProjectConfigurationPlatforms) = postSolution
		{89A071DE-25C3-4818-8CF7-A27E8D3734A8}.Debug|Any CPU.ActiveCfg = Debug|Any CPU
		{89A071DE-25C3-4818-8CF7-A27E8D3734A8}.Debug|Any CPU.Build.0 = Debug|Any CPU
		{89A071DE-25C3-4818-8CF7-A27E8D3734A8}.Release|Any CPU.ActiveCfg = Release|Any CPU
		{89A071DE-25C3-4818-8CF7-A27E8D3734A8}.Release|Any CPU.Build.0 = Release|Any CPU
		{49FAA2B4-6B46-CCB6-E9A7-9C2B1151F2F8}.Debug|Any CPU.ActiveCfg = Debug|Any CPU
		{49FAA2B4-6B46-CCB6-E9A7-9C2B1151F2F8}.Debug|Any CPU.Build.0 = Debug|Any CPU
		{49FAA2B4-6B46-CCB6-E9A7-9C2B1151F2F8}.Release|Any CPU.ActiveCfg = Release|Any CPU
		{49FAA2B4-6B46-CCB6-E9A7-9C2B1151F2F8}.Release|Any CPU.Build.0 = Release|Any CPU
	EndGlobalSection
	GlobalSection(SolutionProperties) = preSolution
		HideSolutionNode = FALSE
	EndGlobalSection
	GlobalSection(ExtensibilityGlobals) = postSolution
		SolutionGuid = {BFB82BFC-2F1D-44D9-AF26-55ED4BD0F45F}
	EndGlobalSection
EndGlobal
